// !$*UTF8*$!
{
	archiveVersion = 1;
	classes = {
	};
	objectVersion = 77;
	objects = {

/* Begin PBXContainerItemProxy section */
		56614EDC2DBA441100425481 /* PBXContainerItemProxy */ = {
			isa = PBXContainerItemProxy;
			containerPortal = 56614EBD2DBA440F00425481 /* Project object */;
			proxyType = 1;
			remoteGlobalIDString = 56614EC42DBA440F00425481;
			remoteInfo = "Contact App Square";
		};
		56614EE62DBA441200425481 /* PBXContainerItemProxy */ = {
			isa = PBXContainerItemProxy;
			containerPortal = 56614EBD2DBA440F00425481 /* Project object */;
			proxyType = 1;
			remoteGlobalIDString = 56614EC42DBA440F00425481;
			remoteInfo = "Contact App Square";
		};
/* End PBXContainerItemProxy section */

/* Begin PBXFileReference section */
		56614EC52DBA440F00425481 /* Contact App Square.app */ = {isa = PBXFileReference; explicitFileType = wrapper.application; includeInIndex = 0; path = "Contact App Square.app"; sourceTree = BUILT_PRODUCTS_DIR; };
		56614EDB2DBA441100425481 /* Contact App SquareTests.xctest */ = {isa = PBXFileReference; explicitFileType = wrapper.cfbundle; includeInIndex = 0; path = "Contact App SquareTests.xctest"; sourceTree = BUILT_PRODUCTS_DIR; };
		56614EE52DBA441200425481 /* Contact App SquareUITests.xctest */ = {isa = PBXFileReference; explicitFileType = wrapper.cfbundle; includeInIndex = 0; path = "Contact App SquareUITests.xctest"; sourceTree = BUILT_PRODUCTS_DIR; };
/* End PBXFileReference section */

/* Begin PBXFileSystemSynchronizedBuildFileExceptionSet section */
		56614EED2DBA441200425481 /* Exceptions for "Contact App Square" folder in "Contact App Square" target */ = {
			isa = PBXFileSystemSynchronizedBuildFileExceptionSet;
			membershipExceptions = (
				Info.plist,
			);
			target = 56614EC42DBA440F00425481 /* Contact App Square */;
		};
/* End PBXFileSystemSynchronizedBuildFileExceptionSet section */

/* Begin PBXFileSystemSynchronizedRootGroup section */
		56614EC72DBA440F00425481 /* Contact App Square */ = {
			isa = PBXFileSystemSynchronizedRootGroup;
			exceptions = (
				56614EED2DBA441200425481 /* Exceptions for "Contact App Square" folder in "Contact App Square" target */,
			);
			explicitFolders = (
				..xcassets,
			);
			path = "Contact App Square";
			sourceTree = "<group>";
		};
		56614EDE2DBA441100425481 /* Contact App SquareTests */ = {
			isa = PBXFileSystemSynchronizedRootGroup;
			path = "Contact App SquareTests";
			sourceTree = "<group>";
		};
		56614EE82DBA441200425481 /* Contact App SquareUITests */ = {
			isa = PBXFileSystemSynchronizedRootGroup;
			path = "Contact App SquareUITests";
			sourceTree = "<group>";
		};
/* End PBXFileSystemSynchronizedRootGroup section */

/* Begin PBXFrameworksBuildPhase section */
		56614EC22DBA440F00425481 /* Frameworks */ = {
			isa = PBXFrameworksBuildPhase;
			buildActionMask = 2147483647;
			files = (
			);
			runOnlyForDeploymentPostprocessing = 0;
		};
		56614ED82DBA441100425481 /* Frameworks */ = {
			isa = PBXFrameworksBuildPhase;
			buildActionMask = 2147483647;
			files = (
			);
			runOnlyForDeploymentPostprocessing = 0;
		};
		56614EE22DBA441200425481 /* Frameworks */ = {
			isa = PBXFrameworksBuildPhase;
			buildActionMask = 2147483647;
			files = (
			);
			runOnlyForDeploymentPostprocessing = 0;
		};
/* End PBXFrameworksBuildPhase section */

/* Begin PBXGroup section */
		56614EBC2DBA440F00425481 = {
			isa = PBXGroup;
			children = (
				56614EC72DBA440F00425481 /* Contact App Square */,
				56614EDE2DBA441100425481 /* Contact App SquareTests */,
				56614EE82DBA441200425481 /* Contact App SquareUITests */,
				56614EC62DBA440F00425481 /* Products */,
			);
			sourceTree = "<group>";
		};
		56614EC62DBA440F00425481 /* Products */ = {
			isa = PBXGroup;
			children = (
				56614EC52DBA440F00425481 /* Contact App Square.app */,
				56614EDB2DBA441100425481 /* Contact App SquareTests.xctest */,
				56614EE52DBA441200425481 /* Contact App SquareUITests.xctest */,
			);
			name = Products;
			sourceTree = "<group>";
		};
/* End PBXGroup section */

/* Begin PBXNativeTarget section */
		56614EC42DBA440F00425481 /* Contact App Square */ = {
			isa = PBXNativeTarget;
			buildConfigurationList = 56614EEE2DBA441200425481 /* Build configuration list for PBXNativeTarget "Contact App Square" */;
			buildPhases = (
				56614EC12DBA440F00425481 /* Sources */,
				56614EC22DBA440F00425481 /* Frameworks */,
				56614EC32DBA440F00425481 /* Resources */,
			);
			buildRules = (
			);
			dependencies = (
			);
			fileSystemSynchronizedGroups = (
				56614EC72DBA440F00425481 /* Contact App Square */,
			);
			name = "Contact App Square";
			packageProductDependencies = (
			);
			productName = "Contact App Square";
			productReference = 56614EC52DBA440F00425481 /* Contact App Square.app */;
			productType = "com.apple.product-type.application";
		};
		56614EDA2DBA441100425481 /* Contact App SquareTests */ = {
			isa = PBXNativeTarget;
			buildConfigurationList = 56614EF32DBA441200425481 /* Build configuration list for PBXNativeTarget "Contact App SquareTests" */;
			buildPhases = (
				56614ED72DBA441100425481 /* Sources */,
				56614ED82DBA441100425481 /* Frameworks */,
				56614ED92DBA441100425481 /* Resources */,
			);
			buildRules = (
			);
			dependencies = (
				56614EDD2DBA441100425481 /* PBXTargetDependency */,
			);
			fileSystemSynchronizedGroups = (
				56614EDE2DBA441100425481 /* Contact App SquareTests */,
			);
			name = "Contact App SquareTests";
			packageProductDependencies = (
			);
			productName = "Contact App SquareTests";
			productReference = 56614EDB2DBA441100425481 /* Contact App SquareTests.xctest */;
			productType = "com.apple.product-type.bundle.unit-test";
		};
		56614EE42DBA441200425481 /* Contact App SquareUITests */ = {
			isa = PBXNativeTarget;
			buildConfigurationList = 56614EF62DBA441200425481 /* Build configuration list for PBXNativeTarget "Contact App SquareUITests" */;
			buildPhases = (
				56614EE12DBA441200425481 /* Sources */,
				56614EE22DBA441200425481 /* Frameworks */,
				56614EE32DBA441200425481 /* Resources */,
			);
			buildRules = (
			);
			dependencies = (
				56614EE72DBA441200425481 /* PBXTargetDependency */,
			);
			fileSystemSynchronizedGroups = (
				56614EE82DBA441200425481 /* Contact App SquareUITests */,
			);
			name = "Contact App SquareUITests";
			packageProductDependencies = (
			);
			productName = "Contact App SquareUITests";
			productReference = 56614EE52DBA441200425481 /* Contact App SquareUITests.xctest */;
			productType = "com.apple.product-type.bundle.ui-testing";
		};
/* End PBXNativeTarget section */

/* Begin PBXProject section */
		56614EBD2DBA440F00425481 /* Project object */ = {
			isa = PBXProject;
			attributes = {
				BuildIndependentTargetsInParallel = 1;
				LastSwiftUpdateCheck = 1620;
				LastUpgradeCheck = 1620;
				TargetAttributes = {
					56614EC42DBA440F00425481 = {
						CreatedOnToolsVersion = 16.2;
					};
					56614EDA2DBA441100425481 = {
						CreatedOnToolsVersion = 16.2;
						TestTargetID = 56614EC42DBA440F00425481;
					};
					56614EE42DBA441200425481 = {
						CreatedOnToolsVersion = 16.2;
						TestTargetID = 56614EC42DBA440F00425481;
					};
				};
			};
			buildConfigurationList = 56614EC02DBA440F00425481 /* Build configuration list for PBXProject "Contact App Square" */;
			developmentRegion = en;
			hasScannedForEncodings = 0;
			knownRegions = (
				en,
				Base,
			);
			mainGroup = 56614EBC2DBA440F00425481;
			minimizedProjectReferenceProxies = 1;
			preferredProjectObjectVersion = 77;
			productRefGroup = 56614EC62DBA440F00425481 /* Products */;
			projectDirPath = "";
			projectRoot = "";
			targets = (
				56614EC42DBA440F00425481 /* Contact App Square */,
				56614EDA2DBA441100425481 /* Contact App SquareTests */,
				56614EE42DBA441200425481 /* Contact App SquareUITests */,
			);
		};
/* End PBXProject section */

/* Begin PBXResourcesBuildPhase section */
		56614EC32DBA440F00425481 /* Resources */ = {
			isa = PBXResourcesBuildPhase;
			buildActionMask = 2147483647;
			files = (
			);
			runOnlyForDeploymentPostprocessing = 0;
		};
		56614ED92DBA441100425481 /* Resources */ = {
			isa = PBXResourcesBuildPhase;
			buildActionMask = 2147483647;
			files = (
			);
			runOnlyForDeploymentPostprocessing = 0;
		};
		56614EE32DBA441200425481 /* Resources */ = {
			isa = PBXResourcesBuildPhase;
			buildActionMask = 2147483647;
			files = (
			);
			runOnlyForDeploymentPostprocessing = 0;
		};
/* End PBXResourcesBuildPhase section */

/* Begin PBXSourcesBuildPhase section */
		56614EC12DBA440F00425481 /* Sources */ = {
			isa = PBXSourcesBuildPhase;
			buildActionMask = 2147483647;
			files = (
			);
			runOnlyForDeploymentPostprocessing = 0;
		};
		56614ED72DBA441100425481 /* Sources */ = {
			isa = PBXSourcesBuildPhase;
			buildActionMask = 2147483647;
			files = (
			);
			runOnlyForDeploymentPostprocessing = 0;
		};
		56614EE12DBA441200425481 /* Sources */ = {
			isa = PBXSourcesBuildPhase;
			buildActionMask = 2147483647;
			files = (
			);
			runOnlyForDeploymentPostprocessing = 0;
		};
/* End PBXSourcesBuildPhase section */

/* Begin PBXTargetDependency section */
		56614EDD2DBA441100425481 /* PBXTargetDependency */ = {
			isa = PBXTargetDependency;
			target = 56614EC42DBA440F00425481 /* Contact App Square */;
			targetProxy = 56614EDC2DBA441100425481 /* PBXContainerItemProxy */;
		};
		56614EE72DBA441200425481 /* PBXTargetDependency */ = {
			isa = PBXTargetDependency;
			target = 56614EC42DBA440F00425481 /* Contact App Square */;
			targetProxy = 56614EE62DBA441200425481 /* PBXContainerItemProxy */;
		};
/* End PBXTargetDependency section */

/* Begin XCBuildConfiguration section */
		56614EEF2DBA441200425481 /* Debug */ = {
			isa = XCBuildConfiguration;
			buildSettings = {
				ASSETCATALOG_COMPILER_APPICON_NAME = AppIcon;
				ASSETCATALOG_COMPILER_GLOBAL_ACCENT_COLOR_NAME = AccentColor;
				CODE_SIGN_STYLE = Automatic;
				CURRENT_PROJECT_VERSION = 1;
				GENERATE_INFOPLIST_FILE = YES;
				INFOPLIST_FILE = "Contact App Square/Info.plist";
				INFOPLIST_KEY_UIApplicationSupportsIndirectInputEvents = YES;
				INFOPLIST_KEY_UILaunchStoryboardName = LaunchScreen;
				INFOPLIST_KEY_UIMainStoryboardFile = Main;
				INFOPLIST_KEY_UISupportedInterfaceOrientations_iPad = "UIInterfaceOrientationPortrait UIInterfaceOrientationPortraitUpsideDown UIInterfaceOrientationLandscapeLeft UIInterfaceOrientationLandscapeRight";
				INFOPLIST_KEY_UISupportedInterfaceOrientations_iPhone = "UIInterfaceOrientationPortrait UIInterfaceOrientationLandscapeLeft UIInterfaceOrientationLandscapeRight";
				LD_RUNPATH_SEARCH_PATHS = (
					"$(inherited)",
					"@executable_path/Frameworks",
				);
				MARKETING_VERSION = 1.0;
				PRODUCT_BUNDLE_IDENTIFIER = "pelz-greenspeed-app-ios.Contact-App-Square";
				PRODUCT_NAME = "$(TARGET_NAME)";
				SWIFT_EMIT_LOC_STRINGS = YES;
				SWIFT_VERSION = 5.0;
				TARGETED_DEVICE_FAMILY = "1,2";
			};
			name = Debug;
		};
		56614EF02DBA441200425481 /* Release */ = {
			isa = XCBuildConfiguration;
			buildSettings = {
				ASSETCATALOG_COMPILER_APPICON_NAME = AppIcon;
				ASSETCATALOG_COMPILER_GLOBAL_ACCENT_COLOR_NAME = AccentColor;
				CODE_SIGN_STYLE = Automatic;
				CURRENT_PROJECT_VERSION = 1;
				GENERATE_INFOPLIST_FILE = YES;
				INFOPLIST_FILE = "Contact App Square/Info.plist";
				INFOPLIST_KEY_UIApplicationSupportsIndirectInputEvents = YES;
				INFOPLIST_KEY_UILaunchStoryboardName = LaunchScreen;
				INFOPLIST_KEY_UIMainStoryboardFile = Main;
				INFOPLIST_KEY_UISupportedInterfaceOrientations_iPad = "UIInterfaceOrientationPortrait UIInterfaceOrientationPortraitUpsideDown UIInterfaceOrientationLandscapeLeft UIInterfaceOrientationLandscapeRight";
				INFOPLIST_KEY_UISupportedInterfaceOrientations_iPhone = "UIInterfaceOrientationPortrait UIInterfaceOrientationLandscapeLeft UIInterfaceOrientationLandscapeRight";
				LD_RUNPATH_SEARCH_PATHS = (
					"$(inherited)",
					"@executable_path/Frameworks",
				);
				MARKETING_VERSION = 1.0;
				PRODUCT_BUNDLE_IDENTIFIER = "pelz-greenspeed-app-ios.Contact-App-Square";
				PRODUCT_NAME = "$(TARGET_NAME)";
				SWIFT_EMIT_LOC_STRINGS = YES;
				SWIFT_VERSION = 5.0;
				TARGETED_DEVICE_FAMILY = "1,2";
			};
			name = Release;
		};
		56614EF12DBA441200425481 /* Debug */ = {
			isa = XCBuildConfiguration;
			buildSettings = {
				ALWAYS_SEARCH_USER_PATHS = NO;
				ASSETCATALOG_COMPILER_GENERATE_SWIFT_ASSET_SYMBOL_EXTENSIONS = YES;
				CLANG_ANALYZER_NONNULL = YES;
				CLANG_ANALYZER_NUMBER_OBJECT_CONVERSION = YES_AGGRESSIVE;
				CLANG_CXX_LANGUAGE_STANDARD = "gnu++20";
				CLANG_ENABLE_MODULES = YES;
				CLANG_ENABLE_OBJC_ARC = YES;
				CLANG_ENABLE_OBJC_WEAK = YES;
				CLANG_WARN_BLOCK_CAPTURE_AUTORELEASING = YES;
				CLANG_WARN_BOOL_CONVERSION = YES;
				CLANG_WARN_COMMA = YES;
				CLANG_WARN_CONSTANT_CONVERSION = YES;
				CLANG_WARN_DEPRECATED_OBJC_IMPLEMENTATIONS = YES;
				CLANG_WARN_DIRECT_OBJC_ISA_USAGE = YES_ERROR;
				CLANG_WARN_DOCUMENTATION_COMMENTS = YES;
				CLANG_WARN_EMPTY_BODY = YES;
				CLANG_WARN_ENUM_CONVERSION = YES;
				CLANG_WARN_INFINITE_RECURSION = YES;
				CLANG_WARN_INT_CONVERSION = YES;
				CLANG_WARN_NON_LITERAL_NULL_CONVERSION = YES;
				CLANG_WARN_OBJC_IMPLICIT_RETAIN_SELF = YES;
				CLANG_WARN_OBJC_LITERAL_CONVERSION = YES;
				CLANG_WARN_OBJC_ROOT_CLASS = YES_ERROR;
				CLANG_WARN_QUOTED_INCLUDE_IN_FRAMEWORK_HEADER = YES;
				CLANG_WARN_RANGE_LOOP_ANALYSIS = YES;
				CLANG_WARN_STRICT_PROTOTYPES = YES;
				CLANG_WARN_SUSPICIOUS_MOVE = YES;
				CLANG_WARN_UNGUARDED_AVAILABILITY = YES_AGGRESSIVE;
				CLANG_WARN_UNREACHABLE_CODE = YES;
				CLANG_WARN__DUPLICATE_METHOD_MATCH = YES;
				COPY_PHASE_STRIP = NO;
				DEBUG_INFORMATION_FORMAT = dwarf;
				ENABLE_STRICT_OBJC_MSGSEND = YES;
				ENABLE_TESTABILITY = YES;
				ENABLE_USER_SCRIPT_SANDBOXING = YES;
				GCC_C_LANGUAGE_STANDARD = gnu17;
				GCC_DYNAMIC_NO_PIC = NO;
				GCC_NO_COMMON_BLOCKS = YES;
				GCC_OPTIMIZATION_LEVEL = 0;
				GCC_PREPROCESSOR_DEFINITIONS = (
					"DEBUG=1",
					"$(inherited)",
				);
				GCC_WARN_64_TO_32_BIT_CONVERSION = YES;
				GCC_WARN_ABOUT_RETURN_TYPE = YES_ERROR;
				GCC_WARN_UNDECLARED_SELECTOR = YES;
				GCC_WARN_UNINITIALIZED_AUTOS = YES_AGGRESSIVE;
				GCC_WARN_UNUSED_FUNCTION = YES;
				GCC_WARN_UNUSED_VARIABLE = YES;
				IPHONEOS_DEPLOYMENT_TARGET = 18.2;
				LOCALIZATION_PREFERS_STRING_CATALOGS = YES;
				MTL_ENABLE_DEBUG_INFO = INCLUDE_SOURCE;
				MTL_FAST_MATH = YES;
				ONLY_ACTIVE_ARCH = YES;
				SDKROOT = iphoneos;
				SWIFT_ACTIVE_COMPILATION_CONDITIONS = "DEBUG $(inherited)";
				SWIFT_OPTIMIZATION_LEVEL = "-Onone";
			};
			name = Debug;
		};
		56614EF22DBA441200425481 /* Release */ = {
			isa = XCBuildConfiguration;
			buildSettings = {
				ALWAYS_SEARCH_USER_PATHS = NO;
				ASSETCATALOG_COMPILER_GENERATE_SWIFT_ASSET_SYMBOL_EXTENSIONS = YES;
				CLANG_ANALYZER_NONNULL = YES;
				CLANG_ANALYZER_NUMBER_OBJECT_CONVERSION = YES_AGGRESSIVE;
				CLANG_CXX_LANGUAGE_STANDARD = "gnu++20";
				CLANG_ENABLE_MODULES = YES;
				CLANG_ENABLE_OBJC_ARC = YES;
				CLANG_ENABLE_OBJC_WEAK = YES;
				CLANG_WARN_BLOCK_CAPTURE_AUTORELEASING = YES;
				CLANG_WARN_BOOL_CONVERSION = YES;
				CLANG_WARN_COMMA = YES;
				CLANG_WARN_CONSTANT_CONVERSION = YES;
				CLANG_WARN_DEPRECATED_OBJC_IMPLEMENTATIONS = YES;
				CLANG_WARN_DIRECT_OBJC_ISA_USAGE = YES_ERROR;
				CLANG_WARN_DOCUMENTATION_COMMENTS = YES;
				CLANG_WARN_EMPTY_BODY = YES;
				CLANG_WARN_ENUM_CONVERSION = YES;
				CLANG_WARN_INFINITE_RECURSION = YES;
				CLANG_WARN_INT_CONVERSION = YES;
				CLANG_WARN_NON_LITERAL_NULL_CONVERSION = YES;
				CLANG_WARN_OBJC_IMPLICIT_RETAIN_SELF = YES;
				CLANG_WARN_OBJC_LITERAL_CONVERSION = YES;
				CLANG_WARN_OBJC_ROOT_CLASS = YES_ERROR;
				CLANG_WARN_QUOTED_INCLUDE_IN_FRAMEWORK_HEADER = YES;
				CLANG_WARN_RANGE_LOOP_ANALYSIS = YES;
				CLANG_WARN_STRICT_PROTOTYPES = YES;
				CLANG_WARN_SUSPICIOUS_MOVE = YES;
				CLANG_WARN_UNGUARDED_AVAILABILITY = YES_AGGRESSIVE;
				CLANG_WARN_UNREACHABLE_CODE = YES;
				CLANG_WARN__DUPLICATE_METHOD_MATCH = YES;
				COPY_PHASE_STRIP = NO;
				DEBUG_INFORMATION_FORMAT = "dwarf-with-dsym";
				ENABLE_NS_ASSERTIONS = NO;
				ENABLE_STRICT_OBJC_MSGSEND = YES;
				ENABLE_USER_SCRIPT_SANDBOXING = YES;
				GCC_C_LANGUAGE_STANDARD = gnu17;
				GCC_NO_COMMON_BLOCKS = YES;
				GCC_WARN_64_TO_32_BIT_CONVERSION = YES;
				GCC_WARN_ABOUT_RETURN_TYPE = YES_ERROR;
				GCC_WARN_UNDECLARED_SELECTOR = YES;
				GCC_WARN_UNINITIALIZED_AUTOS = YES_AGGRESSIVE;
				GCC_WARN_UNUSED_FUNCTION = YES;
				GCC_WARN_UNUSED_VARIABLE = YES;
				IPHONEOS_DEPLOYMENT_TARGET = 18.2;
				LOCALIZATION_PREFERS_STRING_CATALOGS = YES;
				MTL_ENABLE_DEBUG_INFO = NO;
				MTL_FAST_MATH = YES;
				SDKROOT = iphoneos;
				SWIFT_COMPILATION_MODE = wholemodule;
				VALIDATE_PRODUCT = YES;
			};
			name = Release;
		};
		56614EF42DBA441200425481 /* Debug */ = {
			isa = XCBuildConfiguration;
			buildSettings = {
				BUNDLE_LOADER = "$(TEST_HOST)";
				CODE_SIGN_STYLE = Automatic;
				CURRENT_PROJECT_VERSION = 1;
				GENERATE_INFOPLIST_FILE = YES;
				IPHONEOS_DEPLOYMENT_TARGET = 18.2;
				MARKETING_VERSION = 1.0;
				PRODUCT_BUNDLE_IDENTIFIER = "pelz-greenspeed-app-ios.Contact-App-SquareTests";
				PRODUCT_NAME = "$(TARGET_NAME)";
				SWIFT_EMIT_LOC_STRINGS = NO;
				SWIFT_VERSION = 5.0;
				TARGETED_DEVICE_FAMILY = "1,2";
				TEST_HOST = "$(BUILT_PRODUCTS_DIR)/Contact App Square.app/$(BUNDLE_EXECUTABLE_FOLDER_PATH)/Contact App Square";
			};
			name = Debug;
		};
		56614EF52DBA441200425481 /* Release */ = {
			isa = XCBuildConfiguration;
			buildSettings = {
				BUNDLE_LOADER = "$(TEST_HOST)";
				CODE_SIGN_STYLE = Automatic;
				CURRENT_PROJECT_VERSION = 1;
				GENERATE_INFOPLIST_FILE = YES;
				IPHONEOS_DEPLOYMENT_TARGET = 18.2;
				MARKETING_VERSION = 1.0;
				PRODUCT_BUNDLE_IDENTIFIER = "pelz-greenspeed-app-ios.Contact-App-SquareTests";
				PRODUCT_NAME = "$(TARGET_NAME)";
				SWIFT_EMIT_LOC_STRINGS = NO;
				SWIFT_VERSION = 5.0;
				TARGETED_DEVICE_FAMILY = "1,2";
				TEST_HOST = "$(BUILT_PRODUCTS_DIR)/Contact App Square.app/$(BUNDLE_EXECUTABLE_FOLDER_PATH)/Contact App Square";
			};
			name = Release;
		};
		56614EF72DBA441200425481 /* Debug */ = {
			isa = XCBuildConfiguration;
			buildSettings = {
				CODE_SIGN_STYLE = Automatic;
				CURRENT_PROJECT_VERSION = 1;
				GENERATE_INFOPLIST_FILE = YES;
				MARKETING_VERSION = 1.0;
				PRODUCT_BUNDLE_IDENTIFIER = "pelz-greenspeed-app-ios.Contact-App-SquareUITests";
				PRODUCT_NAME = "$(TARGET_NAME)";
				SWIFT_EMIT_LOC_STRINGS = NO;
				SWIFT_VERSION = 5.0;
				TARGETED_DEVICE_FAMILY = "1,2";
				TEST_TARGET_NAME = "Contact App Square";
			};
			name = Debug;
		};
		56614EF82DBA441200425481 /* Release */ = {
			isa = XCBuildConfiguration;
			buildSettings = {
				CODE_SIGN_STYLE = Automatic;
				CURRENT_PROJECT_VERSION = 1;
				GENERATE_INFOPLIST_FILE = YES;
				MARKETING_VERSION = 1.0;
				PRODUCT_BUNDLE_IDENTIFIER = "pelz-greenspeed-app-ios.Contact-App-SquareUITests";
				PRODUCT_NAME = "$(TARGET_NAME)";
				SWIFT_EMIT_LOC_STRINGS = NO;
				SWIFT_VERSION = 5.0;
				TARGETED_DEVICE_FAMILY = "1,2";
				TEST_TARGET_NAME = "Contact App Square";
			};
			name = Release;
		};
/* End XCBuildConfiguration section */

/* Begin XCConfigurationList section */
		56614EC02DBA440F00425481 /* Build configuration list for PBXProject "Contact App Square" */ = {
			isa = XCConfigurationList;
			buildConfigurations = (
				56614EF12DBA441200425481 /* Debug */,
				56614EF22DBA441200425481 /* Release */,
			);
			defaultConfigurationIsVisible = 0;
			defaultConfigurationName = Release;
		};
		56614EEE2DBA441200425481 /* Build configuration list for PBXNativeTarget "Contact App Square" */ = {
			isa = XCConfigurationList;
			buildConfigurations = (
				56614EEF2DBA441200425481 /* Debug */,
				56614EF02DBA441200425481 /* Release */,
			);
			defaultConfigurationIsVisible = 0;
			defaultConfigurationName = Release;
		};
		56614EF32DBA441200425481 /* Build configuration list for PBXNativeTarget "Contact App SquareTests" */ = {
			isa = XCConfigurationList;
			buildConfigurations = (
				56614EF42DBA441200425481 /* Debug */,
				56614EF52DBA441200425481 /* Release */,
			);
			defaultConfigurationIsVisible = 0;
			defaultConfigurationName = Release;
		};
		56614EF62DBA441200425481 /* Build configuration list for PBXNativeTarget "Contact App SquareUITests" */ = {
			isa = XCConfigurationList;
			buildConfigurations = (
				56614EF72DBA441200425481 /* Debug */,
				56614EF82DBA441200425481 /* Release */,
			);
			defaultConfigurationIsVisible = 0;
			defaultConfigurationName = Release;
		};
/* End XCConfigurationList section */
	};
	rootObject = 56614EBD2DBA440F00425481 /* Project object */;
}
